
Microsoft Visual Studio Solution File, Format Version 12.00
# Visual Studio 15
VisualStudioVersion = 15.0.28307.852
MinimumVisualStudioVersion = 10.0.40219.1
Project("{FAE04EC0-301F-11D3-BF4B-00C04F79EFBC}") = "AdminHall.Android", "AdminHall\AdminHall.Android\AdminHall.Android.csproj", "{6CF35A5E-471C-4E19-9D82-7FBDE6728721}"
EndProject
Project("{FAE04EC0-301F-11D3-BF4B-00C04F79EFBC}") = "AdminHall.iOS", "AdminHall\AdminHall.iOS\AdminHall.iOS.csproj", "{F4DF28B5-CC41-4DC1-9533-6AF093BD9F99}"
EndProject
Project("{FAE04EC0-301F-11D3-BF4B-00C04F79EFBC}") = "AdminHall.UWP", "AdminHall\AdminHall.UWP\AdminHall.UWP.csproj", "{40F981DC-B7DA-4F9C-BB79-0D86E40F55D2}"
EndProject
Project("{FAE04EC0-301F-11D3-BF4B-00C04F79EFBC}") = "AdminHall", "AdminHall\AdminHall\AdminHall.csproj", "{EAF7E4F2-2062-4483-8754-D6B6DBD4AA68}"
EndProject
Global
	GlobalSection(SolutionConfigurationPlatforms) = preSolution
		Ad-Hoc|Any CPU = Ad-Hoc|Any CPU
		Ad-Hoc|ARM = Ad-Hoc|ARM
		Ad-Hoc|iPhone = Ad-Hoc|iPhone
		Ad-Hoc|iPhoneSimulator = Ad-Hoc|iPhoneSimulator
		Ad-Hoc|x64 = Ad-Hoc|x64
		Ad-Hoc|x86 = Ad-Hoc|x86
		AppStore|Any CPU = AppStore|Any CPU
		AppStore|ARM = AppStore|ARM
		AppStore|iPhone = AppStore|iPhone
		AppStore|iPhoneSimulator = AppStore|iPhoneSimulator
		AppStore|x64 = AppStore|x64
		AppStore|x86 = AppStore|x86
		Debug|Any CPU = Debug|Any CPU
		Debug|ARM = Debug|ARM
		Debug|iPhone = Debug|iPhone
		Debug|iPhoneSimulator = Debug|iPhoneSimulator
		Debug|x64 = Debug|x64
		Debug|x86 = Debug|x86
		Release|Any CPU = Release|Any CPU
		Release|ARM = Release|ARM
		Release|iPhone = Release|iPhone
		Release|iPhoneSimulator = Release|iPhoneSimulator
		Release|x64 = Release|x64
		Release|x86 = Release|x86
	EndGlobalSection
	GlobalSection(ProjectConfigurationPlatforms) = postSolution
		{6CF35A5E-471C-4E19-9D82-7FBDE6728721}.Ad-Hoc|Any CPU.ActiveCfg = Release|Any CPU
		{6CF35A5E-471C-4E19-9D82-7FBDE6728721}.Ad-Hoc|Any CPU.Build.0 = Release|Any CPU
		{6CF35A5E-471C-4E19-9D82-7FBDE6728721}.Ad-Hoc|Any CPU.Deploy.0 = Release|Any CPU
		{6CF35A5E-471C-4E19-9D82-7FBDE6728721}.Ad-Hoc|ARM.ActiveCfg = Release|Any CPU
		{6CF35A5E-471C-4E19-9D82-7FBDE6728721}.Ad-Hoc|ARM.Build.0 = Release|Any CPU
		{6CF35A5E-471C-4E19-9D82-7FBDE6728721}.Ad-Hoc|ARM.Deploy.0 = Release|Any CPU
		{6CF35A5E-471C-4E19-9D82-7FBDE6728721}.Ad-Hoc|iPhone.ActiveCfg = Release|Any CPU
		{6CF35A5E-471C-4E19-9D82-7FBDE6728721}.Ad-Hoc|iPhone.Build.0 = Release|Any CPU
		{6CF35A5E-471C-4E19-9D82-7FBDE6728721}.Ad-Hoc|iPhone.Deploy.0 = Release|Any CPU
		{6CF35A5E-471C-4E19-9D82-7FBDE6728721}.Ad-Hoc|iPhoneSimulator.ActiveCfg = Release|Any CPU
		{6CF35A5E-471C-4E19-9D82-7FBDE6728721}.Ad-Hoc|iPhoneSimulator.Build.0 = Release|Any CPU
		{6CF35A5E-471C-4E19-9D82-7FBDE6728721}.Ad-Hoc|iPhoneSimulator.Deploy.0 = Release|Any CPU
		{6CF35A5E-471C-4E19-9D82-7FBDE6728721}.Ad-Hoc|x64.ActiveCfg = Release|Any CPU
		{6CF35A5E-471C-4E19-9D82-7FBDE6728721}.Ad-Hoc|x64.Build.0 = Release|Any CPU
		{6CF35A5E-471C-4E19-9D82-7FBDE6728721}.Ad-Hoc|x64.Deploy.0 = Release|Any CPU
		{6CF35A5E-471C-4E19-9D82-7FBDE6728721}.Ad-Hoc|x86.ActiveCfg = Release|Any CPU
		{6CF35A5E-471C-4E19-9D82-7FBDE6728721}.Ad-Hoc|x86.Build.0 = Release|Any CPU
		{6CF35A5E-471C-4E19-9D82-7FBDE6728721}.Ad-Hoc|x86.Deploy.0 = Release|Any CPU
		{6CF35A5E-471C-4E19-9D82-7FBDE6728721}.AppStore|Any CPU.ActiveCfg = Release|Any CPU
		{6CF35A5E-471C-4E19-9D82-7FBDE6728721}.AppStore|Any CPU.Build.0 = Release|Any CPU
		{6CF35A5E-471C-4E19-9D82-7FBDE6728721}.AppStore|Any CPU.Deploy.0 = Release|Any CPU
		{6CF35A5E-471C-4E19-9D82-7FBDE6728721}.AppStore|ARM.ActiveCfg = Release|Any CPU
		{6CF35A5E-471C-4E19-9D82-7FBDE6728721}.AppStore|ARM.Build.0 = Release|Any CPU
		{6CF35A5E-471C-4E19-9D82-7FBDE6728721}.AppStore|ARM.Deploy.0 = Release|Any CPU
		{6CF35A5E-471C-4E19-9D82-7FBDE6728721}.AppStore|iPhone.ActiveCfg = Release|Any CPU
		{6CF35A5E-471C-4E19-9D82-7FBDE6728721}.AppStore|iPhone.Build.0 = Release|Any CPU
		{6CF35A5E-471C-4E19-9D82-7FBDE6728721}.AppStore|iPhone.Deploy.0 = Release|Any CPU
		{6CF35A5E-471C-4E19-9D82-7FBDE6728721}.AppStore|iPhoneSimulator.ActiveCfg = Release|Any CPU
		{6CF35A5E-471C-4E19-9D82-7FBDE6728721}.AppStore|iPhoneSimulator.Build.0 = Release|Any CPU
		{6CF35A5E-471C-4E19-9D82-7FBDE6728721}.AppStore|iPhoneSimulator.Deploy.0 = Release|Any CPU
		{6CF35A5E-471C-4E19-9D82-7FBDE6728721}.AppStore|x64.ActiveCfg = Release|Any CPU
		{6CF35A5E-471C-4E19-9D82-7FBDE6728721}.AppStore|x64.Build.0 = Release|Any CPU
		{6CF35A5E-471C-4E19-9D82-7FBDE6728721}.AppStore|x64.Deploy.0 = Release|Any CPU
		{6CF35A5E-471C-4E19-9D82-7FBDE6728721}.AppStore|x86.ActiveCfg = Release|Any CPU
		{6CF35A5E-471C-4E19-9D82-7FBDE6728721}.AppStore|x86.Build.0 = Release|Any CPU
		{6CF35A5E-471C-4E19-9D82-7FBDE6728721}.AppStore|x86.Deploy.0 = Release|Any CPU
		{6CF35A5E-471C-4E19-9D82-7FBDE6728721}.Debug|Any CPU.ActiveCfg = Debug|Any CPU
		{6CF35A5E-471C-4E19-9D82-7FBDE6728721}.Debug|Any CPU.Build.0 = Debug|Any CPU
		{6CF35A5E-471C-4E19-9D82-7FBDE6728721}.Debug|Any CPU.Deploy.0 = Debug|Any CPU
		{6CF35A5E-471C-4E19-9D82-7FBDE6728721}.Debug|ARM.ActiveCfg = Debug|Any CPU
		{6CF35A5E-471C-4E19-9D82-7FBDE6728721}.Debug|ARM.Build.0 = Debug|Any CPU
		{6CF35A5E-471C-4E19-9D82-7FBDE6728721}.Debug|ARM.Deploy.0 = Debug|Any CPU
		{6CF35A5E-471C-4E19-9D82-7FBDE6728721}.Debug|iPhone.ActiveCfg = Debug|Any CPU
		{6CF35A5E-471C-4E19-9D82-7FBDE6728721}.Debug|iPhone.Build.0 = Debug|Any CPU
		{6CF35A5E-471C-4E19-9D82-7FBDE6728721}.Debug|iPhone.Deploy.0 = Debug|Any CPU
		{6CF35A5E-471C-4E19-9D82-7FBDE6728721}.Debug|iPhoneSimulator.ActiveCfg = Debug|Any CPU
		{6CF35A5E-471C-4E19-9D82-7FBDE6728721}.Debug|iPhoneSimulator.Build.0 = Debug|Any CPU
		{6CF35A5E-471C-4E19-9D82-7FBDE6728721}.Debug|iPhoneSimulator.Deploy.0 = Debug|Any CPU
		{6CF35A5E-471C-4E19-9D82-7FBDE6728721}.Debug|x64.ActiveCfg = Debug|Any CPU
		{6CF35A5E-471C-4E19-9D82-7FBDE6728721}.Debug|x64.Build.0 = Debug|Any CPU
		{6CF35A5E-471C-4E19-9D82-7FBDE6728721}.Debug|x64.Deploy.0 = Debug|Any CPU
		{6CF35A5E-471C-4E19-9D82-7FBDE6728721}.Debug|x86.ActiveCfg = Debug|Any CPU
		{6CF35A5E-471C-4E19-9D82-7FBDE6728721}.Debug|x86.Build.0 = Debug|Any CPU
		{6CF35A5E-471C-4E19-9D82-7FBDE6728721}.Debug|x86.Deploy.0 = Debug|Any CPU
		{6CF35A5E-471C-4E19-9D82-7FBDE6728721}.Release|Any CPU.ActiveCfg = Release|Any CPU
		{6CF35A5E-471C-4E19-9D82-7FBDE6728721}.Release|Any CPU.Build.0 = Release|Any CPU
		{6CF35A5E-471C-4E19-9D82-7FBDE6728721}.Release|Any CPU.Deploy.0 = Release|Any CPU
		{6CF35A5E-471C-4E19-9D82-7FBDE6728721}.Release|ARM.ActiveCfg = Release|Any CPU
		{6CF35A5E-471C-4E19-9D82-7FBDE6728721}.Release|ARM.Build.0 = Release|Any CPU
		{6CF35A5E-471C-4E19-9D82-7FBDE6728721}.Release|ARM.Deploy.0 = Release|Any CPU
		{6CF35A5E-471C-4E19-9D82-7FBDE6728721}.Release|iPhone.ActiveCfg = Release|Any CPU
		{6CF35A5E-471C-4E19-9D82-7FBDE6728721}.Release|iPhone.Build.0 = Release|Any CPU
		{6CF35A5E-471C-4E19-9D82-7FBDE6728721}.Release|iPhone.Deploy.0 = Release|Any CPU
		{6CF35A5E-471C-4E19-9D82-7FBDE6728721}.Release|iPhoneSimulator.ActiveCfg = Release|Any CPU
		{6CF35A5E-471C-4E19-9D82-7FBDE6728721}.Release|iPhoneSimulator.Build.0 = Release|Any CPU
		{6CF35A5E-471C-4E19-9D82-7FBDE6728721}.Release|iPhoneSimulator.Deploy.0 = Release|Any CPU
		{6CF35A5E-471C-4E19-9D82-7FBDE6728721}.Release|x64.ActiveCfg = Release|Any CPU
		{6CF35A5E-471C-4E19-9D82-7FBDE6728721}.Release|x64.Build.0 = Release|Any CPU
		{6CF35A5E-471C-4E19-9D82-7FBDE6728721}.Release|x64.Deploy.0 = Release|Any CPU
		{6CF35A5E-471C-4E19-9D82-7FBDE6728721}.Release|x86.ActiveCfg = Release|Any CPU
		{6CF35A5E-471C-4E19-9D82-7FBDE6728721}.Release|x86.Build.0 = Release|Any CPU
		{6CF35A5E-471C-4E19-9D82-7FBDE6728721}.Release|x86.Deploy.0 = Release|Any CPU
		{F4DF28B5-CC41-4DC1-9533-6AF093BD9F99}.Ad-Hoc|Any CPU.ActiveCfg = Ad-Hoc|iPhone
		{F4DF28B5-CC41-4DC1-9533-6AF093BD9F99}.Ad-Hoc|Any CPU.Build.0 = Ad-Hoc|iPhone
		{F4DF28B5-CC41-4DC1-9533-6AF093BD9F99}.Ad-Hoc|Any CPU.Deploy.0 = Ad-Hoc|iPhone
		{F4DF28B5-CC41-4DC1-9533-6AF093BD9F99}.Ad-Hoc|ARM.ActiveCfg = Ad-Hoc|iPhone
		{F4DF28B5-CC41-4DC1-9533-6AF093BD9F99}.Ad-Hoc|ARM.Build.0 = Ad-Hoc|iPhone
		{F4DF28B5-CC41-4DC1-9533-6AF093BD9F99}.Ad-Hoc|ARM.Deploy.0 = Ad-Hoc|iPhone
		{F4DF28B5-CC41-4DC1-9533-6AF093BD9F99}.Ad-Hoc|iPhone.ActiveCfg = Ad-Hoc|iPhone
		{F4DF28B5-CC41-4DC1-9533-6AF093BD9F99}.Ad-Hoc|iPhone.Build.0 = Ad-Hoc|iPhone
		{F4DF28B5-CC41-4DC1-9533-6AF093BD9F99}.Ad-Hoc|iPhone.Deploy.0 = Ad-Hoc|iPhone
		{F4DF28B5-CC41-4DC1-9533-6AF093BD9F99}.Ad-Hoc|iPhoneSimulator.ActiveCfg = Ad-Hoc|iPhoneSimulator
		{F4DF28B5-CC41-4DC1-9533-6AF093BD9F99}.Ad-Hoc|iPhoneSimulator.Build.0 = Ad-Hoc|iPhoneSimulator
		{F4DF28B5-CC41-4DC1-9533-6AF093BD9F99}.Ad-Hoc|iPhoneSimulator.Deploy.0 = Ad-Hoc|iPhoneSimulator
		{F4DF28B5-CC41-4DC1-9533-6AF093BD9F99}.Ad-Hoc|x64.ActiveCfg = Ad-Hoc|iPhone
		{F4DF28B5-CC41-4DC1-9533-6AF093BD9F99}.Ad-Hoc|x64.Build.0 = Ad-Hoc|iPhone
		{F4DF28B5-CC41-4DC1-9533-6AF093BD9F99}.Ad-Hoc|x64.Deploy.0 = Ad-Hoc|iPhone
		{F4DF28B5-CC41-4DC1-9533-6AF093BD9F99}.Ad-Hoc|x86.ActiveCfg = Ad-Hoc|iPhone
		{F4DF28B5-CC41-4DC1-9533-6AF093BD9F99}.Ad-Hoc|x86.Build.0 = Ad-Hoc|iPhone
		{F4DF28B5-CC41-4DC1-9533-6AF093BD9F99}.Ad-Hoc|x86.Deploy.0 = Ad-Hoc|iPhone
		{F4DF28B5-CC41-4DC1-9533-6AF093BD9F99}.AppStore|Any CPU.ActiveCfg = AppStore|iPhone
		{F4DF28B5-CC41-4DC1-9533-6AF093BD9F99}.AppStore|Any CPU.Build.0 = AppStore|iPhone
		{F4DF28B5-CC41-4DC1-9533-6AF093BD9F99}.AppStore|Any CPU.Deploy.0 = AppStore|iPhone
		{F4DF28B5-CC41-4DC1-9533-6AF093BD9F99}.AppStore|ARM.ActiveCfg = AppStore|iPhone
		{F4DF28B5-CC41-4DC1-9533-6AF093BD9F99}.AppStore|ARM.Build.0 = AppStore|iPhone
		{F4DF28B5-CC41-4DC1-9533-6AF093BD9F99}.AppStore|ARM.Deploy.0 = AppStore|iPhone
		{F4DF28B5-CC41-4DC1-9533-6AF093BD9F99}.AppStore|iPhone.ActiveCfg = AppStore|iPhone
		{F4DF28B5-CC41-4DC1-9533-6AF093BD9F99}.AppStore|iPhone.Build.0 = AppStore|iPhone
		{F4DF28B5-CC41-4DC1-9533-6AF093BD9F99}.AppStore|iPhone.Deploy.0 = AppStore|iPhone
		{F4DF28B5-CC41-4DC1-9533-6AF093BD9F99}.AppStore|iPhoneSimulator.ActiveCfg = AppStore|iPhoneSimulator
		{F4DF28B5-CC41-4DC1-9533-6AF093BD9F99}.AppStore|iPhoneSimulator.Build.0 = AppStore|iPhoneSimulator
		{F4DF28B5-CC41-4DC1-9533-6AF093BD9F99}.AppStore|iPhoneSimulator.Deploy.0 = AppStore|iPhoneSimulator
		{F4DF28B5-CC41-4DC1-9533-6AF093BD9F99}.AppStore|x64.ActiveCfg = AppStore|iPhone
		{F4DF28B5-CC41-4DC1-9533-6AF093BD9F99}.AppStore|x64.Build.0 = AppStore|iPhone
		{F4DF28B5-CC41-4DC1-9533-6AF093BD9F99}.AppStore|x64.Deploy.0 = AppStore|iPhone
		{F4DF28B5-CC41-4DC1-9533-6AF093BD9F99}.AppStore|x86.ActiveCfg = AppStore|iPhone
		{F4DF28B5-CC41-4DC1-9533-6AF093BD9F99}.AppStore|x86.Build.0 = AppStore|iPhone
		{F4DF28B5-CC41-4DC1-9533-6AF093BD9F99}.AppStore|x86.Deploy.0 = AppStore|iPhone
		{F4DF28B5-CC41-4DC1-9533-6AF093BD9F99}.Debug|Any CPU.ActiveCfg = Debug|iPhoneSimulator
		{F4DF28B5-CC41-4DC1-9533-6AF093BD9F99}.Debug|Any CPU.Build.0 = Debug|iPhoneSimulator
		{F4DF28B5-CC41-4DC1-9533-6AF093BD9F99}.Debug|Any CPU.Deploy.0 = Debug|iPhoneSimulator
		{F4DF28B5-CC41-4DC1-9533-6AF093BD9F99}.Debug|ARM.ActiveCfg = Debug|iPhone
		{F4DF28B5-CC41-4DC1-9533-6AF093BD9F99}.Debug|ARM.Build.0 = Debug|iPhone
		{F4DF28B5-CC41-4DC1-9533-6AF093BD9F99}.Debug|ARM.Deploy.0 = Debug|iPhone
		{F4DF28B5-CC41-4DC1-9533-6AF093BD9F99}.Debug|iPhone.ActiveCfg = Debug|iPhone
		{F4DF28B5-CC41-4DC1-9533-6AF093BD9F99}.Debug|iPhone.Build.0 = Debug|iPhone
		{F4DF28B5-CC41-4DC1-9533-6AF093BD9F99}.Debug|iPhone.Deploy.0 = Debug|iPhone
		{F4DF28B5-CC41-4DC1-9533-6AF093BD9F99}.Debug|iPhoneSimulator.ActiveCfg = Debug|iPhoneSimulator
		{F4DF28B5-CC41-4DC1-9533-6AF093BD9F99}.Debug|iPhoneSimulator.Build.0 = Debug|iPhoneSimulator
		{F4DF28B5-CC41-4DC1-9533-6AF093BD9F99}.Debug|iPhoneSimulator.Deploy.0 = Debug|iPhoneSimulator
		{F4DF28B5-CC41-4DC1-9533-6AF093BD9F99}.Debug|x64.ActiveCfg = Debug|iPhone
		{F4DF28B5-CC41-4DC1-9533-6AF093BD9F99}.Debug|x64.Build.0 = Debug|iPhone
		{F4DF28B5-CC41-4DC1-9533-6AF093BD9F99}.Debug|x64.Deploy.0 = Debug|iPhone
		{F4DF28B5-CC41-4DC1-9533-6AF093BD9F99}.Debug|x86.ActiveCfg = Debug|iPhone
		{F4DF28B5-CC41-4DC1-9533-6AF093BD9F99}.Debug|x86.Build.0 = Debug|iPhone
		{F4DF28B5-CC41-4DC1-9533-6AF093BD9F99}.Debug|x86.Deploy.0 = Debug|iPhone
		{F4DF28B5-CC41-4DC1-9533-6AF093BD9F99}.Release|Any CPU.ActiveCfg = Release|iPhone
		{F4DF28B5-CC41-4DC1-9533-6AF093BD9F99}.Release|Any CPU.Build.0 = Release|iPhone
		{F4DF28B5-CC41-4DC1-9533-6AF093BD9F99}.Release|Any CPU.Deploy.0 = Release|iPhone
		{F4DF28B5-CC41-4DC1-9533-6AF093BD9F99}.Release|ARM.ActiveCfg = Release|iPhone
		{F4DF28B5-CC41-4DC1-9533-6AF093BD9F99}.Release|ARM.Build.0 = Release|iPhone
		{F4DF28B5-CC41-4DC1-9533-6AF093BD9F99}.Release|ARM.Deploy.0 = Release|iPhone
		{F4DF28B5-CC41-4DC1-9533-6AF093BD9F99}.Release|iPhone.ActiveCfg = Release|iPhone
		{F4DF28B5-CC41-4DC1-9533-6AF093BD9F99}.Release|iPhone.Build.0 = Release|iPhone
		{F4DF28B5-CC41-4DC1-9533-6AF093BD9F99}.Release|iPhone.Deploy.0 = Release|iPhone
		{F4DF28B5-CC41-4DC1-9533-6AF093BD9F99}.Release|iPhoneSimulator.ActiveCfg = Release|iPhoneSimulator
		{F4DF28B5-CC41-4DC1-9533-6AF093BD9F99}.Release|iPhoneSimulator.Build.0 = Release|iPhoneSimulator
		{F4DF28B5-CC41-4DC1-9533-6AF093BD9F99}.Release|iPhoneSimulator.Deploy.0 = Release|iPhoneSimulator
		{F4DF28B5-CC41-4DC1-9533-6AF093BD9F99}.Release|x64.ActiveCfg = Release|iPhone
		{F4DF28B5-CC41-4DC1-9533-6AF093BD9F99}.Release|x64.Build.0 = Release|iPhone
		{F4DF28B5-CC41-4DC1-9533-6AF093BD9F99}.Release|x64.Deploy.0 = Release|iPhone
		{F4DF28B5-CC41-4DC1-9533-6AF093BD9F99}.Release|x86.ActiveCfg = Release|iPhone
		{F4DF28B5-CC41-4DC1-9533-6AF093BD9F99}.Release|x86.Build.0 = Release|iPhone
		{F4DF28B5-CC41-4DC1-9533-6AF093BD9F99}.Release|x86.Deploy.0 = Release|iPhone
		{40F981DC-B7DA-4F9C-BB79-0D86E40F55D2}.Ad-Hoc|Any CPU.ActiveCfg = Release|x86
		{40F981DC-B7DA-4F9C-BB79-0D86E40F55D2}.Ad-Hoc|Any CPU.Build.0 = Release|x86
		{40F981DC-B7DA-4F9C-BB79-0D86E40F55D2}.Ad-Hoc|Any CPU.Deploy.0 = Release|x86
		{40F981DC-B7DA-4F9C-BB79-0D86E40F55D2}.Ad-Hoc|ARM.ActiveCfg = Release|ARM
		{40F981DC-B7DA-4F9C-BB79-0D86E40F55D2}.Ad-Hoc|ARM.Build.0 = Release|ARM
		{40F981DC-B7DA-4F9C-BB79-0D86E40F55D2}.Ad-Hoc|ARM.Deploy.0 = Release|ARM
		{40F981DC-B7DA-4F9C-BB79-0D86E40F55D2}.Ad-Hoc|iPhone.ActiveCfg = Release|x86
		{40F981DC-B7DA-4F9C-BB79-0D86E40F55D2}.Ad-Hoc|iPhone.Build.0 = Release|x86
		{40F981DC-B7DA-4F9C-BB79-0D86E40F55D2}.Ad-Hoc|iPhone.Deploy.0 = Release|x86
		{40F981DC-B7DA-4F9C-BB79-0D86E40F55D2}.Ad-Hoc|iPhoneSimulator.ActiveCfg = Release|x86
		{40F981DC-B7DA-4F9C-BB79-0D86E40F55D2}.Ad-Hoc|iPhoneSimulator.Build.0 = Release|x86
		{40F981DC-B7DA-4F9C-BB79-0D86E40F55D2}.Ad-Hoc|iPhoneSimulator.Deploy.0 = Release|x86
		{40F981DC-B7DA-4F9C-BB79-0D86E40F55D2}.Ad-Hoc|x64.ActiveCfg = Release|x64
		{40F981DC-B7DA-4F9C-BB79-0D86E40F55D2}.Ad-Hoc|x64.Build.0 = Release|x64
		{40F981DC-B7DA-4F9C-BB79-0D86E40F55D2}.Ad-Hoc|x64.Deploy.0 = Release|x64
		{40F981DC-B7DA-4F9C-BB79-0D86E40F55D2}.Ad-Hoc|x86.ActiveCfg = Release|x86
		{40F981DC-B7DA-4F9C-BB79-0D86E40F55D2}.Ad-Hoc|x86.Build.0 = Release|x86
		{40F981DC-B7DA-4F9C-BB79-0D86E40F55D2}.Ad-Hoc|x86.Deploy.0 = Release|x86
		{40F981DC-B7DA-4F9C-BB79-0D86E40F55D2}.AppStore|Any CPU.ActiveCfg = Release|x86
		{40F981DC-B7DA-4F9C-BB79-0D86E40F55D2}.AppStore|Any CPU.Build.0 = Release|x86
		{40F981DC-B7DA-4F9C-BB79-0D86E40F55D2}.AppStore|Any CPU.Deploy.0 = Release|x86
		{40F981DC-B7DA-4F9C-BB79-0D86E40F55D2}.AppStore|ARM.ActiveCfg = Release|ARM
		{40F981DC-B7DA-4F9C-BB79-0D86E40F55D2}.AppStore|ARM.Build.0 = Release|ARM
		{40F981DC-B7DA-4F9C-BB79-0D86E40F55D2}.AppStore|ARM.Deploy.0 = Release|ARM
		{40F981DC-B7DA-4F9C-BB79-0D86E40F55D2}.AppStore|iPhone.ActiveCfg = Release|x86
		{40F981DC-B7DA-4F9C-BB79-0D86E40F55D2}.AppStore|iPhone.Build.0 = Release|x86
		{40F981DC-B7DA-4F9C-BB79-0D86E40F55D2}.AppStore|iPhone.Deploy.0 = Release|x86
		{40F981DC-B7DA-4F9C-BB79-0D86E40F55D2}.AppStore|iPhoneSimulator.ActiveCfg = Release|x86
		{40F981DC-B7DA-4F9C-BB79-0D86E40F55D2}.AppStore|iPhoneSimulator.Build.0 = Release|x86
		{40F981DC-B7DA-4F9C-BB79-0D86E40F55D2}.AppStore|iPhoneSimulator.Deploy.0 = Release|x86
		{40F981DC-B7DA-4F9C-BB79-0D86E40F55D2}.AppStore|x64.ActiveCfg = Release|x64
		{40F981DC-B7DA-4F9C-BB79-0D86E40F55D2}.AppStore|x64.Build.0 = Release|x64
		{40F981DC-B7DA-4F9C-BB79-0D86E40F55D2}.AppStore|x64.Deploy.0 = Release|x64
		{40F981DC-B7DA-4F9C-BB79-0D86E40F55D2}.AppStore|x86.ActiveCfg = Release|x86
		{40F981DC-B7DA-4F9C-BB79-0D86E40F55D2}.AppStore|x86.Build.0 = Release|x86
		{40F981DC-B7DA-4F9C-BB79-0D86E40F55D2}.AppStore|x86.Deploy.0 = Release|x86
		{40F981DC-B7DA-4F9C-BB79-0D86E40F55D2}.Debug|Any CPU.ActiveCfg = Debug|x86
		{40F981DC-B7DA-4F9C-BB79-0D86E40F55D2}.Debug|Any CPU.Build.0 = Debug|x86
		{40F981DC-B7DA-4F9C-BB79-0D86E40F55D2}.Debug|Any CPU.Deploy.0 = Debug|x86
		{40F981DC-B7DA-4F9C-BB79-0D86E40F55D2}.Debug|ARM.ActiveCfg = Debug|ARM
		{40F981DC-B7DA-4F9C-BB79-0D86E40F55D2}.Debug|ARM.Build.0 = Debug|ARM
		{40F981DC-B7DA-4F9C-BB79-0D86E40F55D2}.Debug|ARM.Deploy.0 = Debug|ARM
		{40F981DC-B7DA-4F9C-BB79-0D86E40F55D2}.Debug|iPhone.ActiveCfg = Debug|x86
		{40F981DC-B7DA-4F9C-BB79-0D86E40F55D2}.Debug|iPhone.Build.0 = Debug|x86
		{40F981DC-B7DA-4F9C-BB79-0D86E40F55D2}.Debug|iPhone.Deploy.0 = Debug|x86
		{40F981DC-B7DA-4F9C-BB79-0D86E40F55D2}.Debug|iPhoneSimulator.ActiveCfg = Debug|x86
		{40F981DC-B7DA-4F9C-BB79-0D86E40F55D2}.Debug|iPhoneSimulator.Build.0 = Debug|x86
		{40F981DC-B7DA-4F9C-BB79-0D86E40F55D2}.Debug|iPhoneSimulator.Deploy.0 = Debug|x86
		{40F981DC-B7DA-4F9C-BB79-0D86E40F55D2}.Debug|x64.ActiveCfg = Debug|x64
		{40F981DC-B7DA-4F9C-BB79-0D86E40F55D2}.Debug|x64.Build.0 = Debug|x64
		{40F981DC-B7DA-4F9C-BB79-0D86E40F55D2}.Debug|x64.Deploy.0 = Debug|x64
		{40F981DC-B7DA-4F9C-BB79-0D86E40F55D2}.Debug|x86.ActiveCfg = Debug|x86
		{40F981DC-B7DA-4F9C-BB79-0D86E40F55D2}.Debug|x86.Build.0 = Debug|x86
		{40F981DC-B7DA-4F9C-BB79-0D86E40F55D2}.Debug|x86.Deploy.0 = Debug|x86
		{40F981DC-B7DA-4F9C-BB79-0D86E40F55D2}.Release|Any CPU.ActiveCfg = Release|x86
		{40F981DC-B7DA-4F9C-BB79-0D86E40F55D2}.Release|Any CPU.Build.0 = Release|x86
		{40F981DC-B7DA-4F9C-BB79-0D86E40F55D2}.Release|Any CPU.Deploy.0 = Release|x86
		{40F981DC-B7DA-4F9C-BB79-0D86E40F55D2}.Release|ARM.ActiveCfg = Release|ARM
		{40F981DC-B7DA-4F9C-BB79-0D86E40F55D2}.Release|ARM.Build.0 = Release|ARM
		{40F981DC-B7DA-4F9C-BB79-0D86E40F55D2}.Release|ARM.Deploy.0 = Release|ARM
		{40F981DC-B7DA-4F9C-BB79-0D86E40F55D2}.Release|iPhone.ActiveCfg = Release|x86
		{40F981DC-B7DA-4F9C-BB79-0D86E40F55D2}.Release|iPhone.Build.0 = Release|x86
		{40F981DC-B7DA-4F9C-BB79-0D86E40F55D2}.Release|iPhone.Deploy.0 = Release|x86
		{40F981DC-B7DA-4F9C-BB79-0D86E40F55D2}.Release|iPhoneSimulator.ActiveCfg = Release|x86
		{40F981DC-B7DA-4F9C-BB79-0D86E40F55D2}.Release|iPhoneSimulator.Build.0 = Release|x86
		{40F981DC-B7DA-4F9C-BB79-0D86E40F55D2}.Release|iPhoneSimulator.Deploy.0 = Release|x86
		{40F981DC-B7DA-4F9C-BB79-0D86E40F55D2}.Release|x64.ActiveCfg = Release|x64
		{40F981DC-B7DA-4F9C-BB79-0D86E40F55D2}.Release|x64.Build.0 = Release|x64
		{40F981DC-B7DA-4F9C-BB79-0D86E40F55D2}.Release|x64.Deploy.0 = Release|x64
		{40F981DC-B7DA-4F9C-BB79-0D86E40F55D2}.Release|x86.ActiveCfg = Release|x86
		{40F981DC-B7DA-4F9C-BB79-0D86E40F55D2}.Release|x86.Build.0 = Release|x86
		{40F981DC-B7DA-4F9C-BB79-0D86E40F55D2}.Release|x86.Deploy.0 = Release|x86
		{EAF7E4F2-2062-4483-8754-D6B6DBD4AA68}.Ad-Hoc|Any CPU.ActiveCfg = Debug|Any CPU
		{EAF7E4F2-2062-4483-8754-D6B6DBD4AA68}.Ad-Hoc|Any CPU.Build.0 = Debug|Any CPU
		{EAF7E4F2-2062-4483-8754-D6B6DBD4AA68}.Ad-Hoc|Any CPU.Deploy.0 = Debug|Any CPU
		{EAF7E4F2-2062-4483-8754-D6B6DBD4AA68}.Ad-Hoc|ARM.ActiveCfg = Debug|Any CPU
		{EAF7E4F2-2062-4483-8754-D6B6DBD4AA68}.Ad-Hoc|ARM.Build.0 = Debug|Any CPU
		{EAF7E4F2-2062-4483-8754-D6B6DBD4AA68}.Ad-Hoc|ARM.Deploy.0 = Debug|Any CPU
		{EAF7E4F2-2062-4483-8754-D6B6DBD4AA68}.Ad-Hoc|iPhone.ActiveCfg = Debug|Any CPU
		{EAF7E4F2-2062-4483-8754-D6B6DBD4AA68}.Ad-Hoc|iPhone.Build.0 = Debug|Any CPU
		{EAF7E4F2-2062-4483-8754-D6B6DBD4AA68}.Ad-Hoc|iPhone.Deploy.0 = Debug|Any CPU
		{EAF7E4F2-2062-4483-8754-D6B6DBD4AA68}.Ad-Hoc|iPhoneSimulator.ActiveCfg = Debug|Any CPU
		{EAF7E4F2-2062-4483-8754-D6B6DBD4AA68}.Ad-Hoc|iPhoneSimulator.Build.0 = Debug|Any CPU
		{EAF7E4F2-2062-4483-8754-D6B6DBD4AA68}.Ad-Hoc|iPhoneSimulator.Deploy.0 = Debug|Any CPU
		{EAF7E4F2-2062-4483-8754-D6B6DBD4AA68}.Ad-Hoc|x64.ActiveCfg = Debug|Any CPU
		{EAF7E4F2-2062-4483-8754-D6B6DBD4AA68}.Ad-Hoc|x64.Build.0 = Debug|Any CPU
		{EAF7E4F2-2062-4483-8754-D6B6DBD4AA68}.Ad-Hoc|x64.Deploy.0 = Debug|Any CPU
		{EAF7E4F2-2062-4483-8754-D6B6DBD4AA68}.Ad-Hoc|x86.ActiveCfg = Debug|Any CPU
		{EAF7E4F2-2062-4483-8754-D6B6DBD4AA68}.Ad-Hoc|x86.Build.0 = Debug|Any CPU
		{EAF7E4F2-2062-4483-8754-D6B6DBD4AA68}.Ad-Hoc|x86.Deploy.0 = Debug|Any CPU
		{EAF7E4F2-2062-4483-8754-D6B6DBD4AA68}.AppStore|Any CPU.ActiveCfg = Debug|Any CPU
		{EAF7E4F2-2062-4483-8754-D6B6DBD4AA68}.AppStore|Any CPU.Build.0 = Debug|Any CPU
		{EAF7E4F2-2062-4483-8754-D6B6DBD4AA68}.AppStore|Any CPU.Deploy.0 = Debug|Any CPU
		{EAF7E4F2-2062-4483-8754-D6B6DBD4AA68}.AppStore|ARM.ActiveCfg = Debug|Any CPU
		{EAF7E4F2-2062-4483-8754-D6B6DBD4AA68}.AppStore|ARM.Build.0 = Debug|Any CPU
		{EAF7E4F2-2062-4483-8754-D6B6DBD4AA68}.AppStore|ARM.Deploy.0 = Debug|Any CPU
		{EAF7E4F2-2062-4483-8754-D6B6DBD4AA68}.AppStore|iPhone.ActiveCfg = Debug|Any CPU
		{EAF7E4F2-2062-4483-8754-D6B6DBD4AA68}.AppStore|iPhone.Build.0 = Debug|Any CPU
		{EAF7E4F2-2062-4483-8754-D6B6DBD4AA68}.AppStore|iPhone.Deploy.0 = Debug|Any CPU
		{EAF7E4F2-2062-4483-8754-D6B6DBD4AA68}.AppStore|iPhoneSimulator.ActiveCfg = Debug|Any CPU
		{EAF7E4F2-2062-4483-8754-D6B6DBD4AA68}.AppStore|iPhoneSimulator.Build.0 = Debug|Any CPU
		{EAF7E4F2-2062-4483-8754-D6B6DBD4AA68}.AppStore|iPhoneSimulator.Deploy.0 = Debug|Any CPU
		{EAF7E4F2-2062-4483-8754-D6B6DBD4AA68}.AppStore|x64.ActiveCfg = Debug|Any CPU
		{EAF7E4F2-2062-4483-8754-D6B6DBD4AA68}.AppStore|x64.Build.0 = Debug|Any CPU
		{EAF7E4F2-2062-4483-8754-D6B6DBD4AA68}.AppStore|x64.Deploy.0 = Debug|Any CPU
		{EAF7E4F2-2062-4483-8754-D6B6DBD4AA68}.AppStore|x86.ActiveCfg = Debug|Any CPU
		{EAF7E4F2-2062-4483-8754-D6B6DBD4AA68}.AppStore|x86.Build.0 = Debug|Any CPU
		{EAF7E4F2-2062-4483-8754-D6B6DBD4AA68}.AppStore|x86.Deploy.0 = Debug|Any CPU
		{EAF7E4F2-2062-4483-8754-D6B6DBD4AA68}.Debug|Any CPU.ActiveCfg = Debug|Any CPU
		{EAF7E4F2-2062-4483-8754-D6B6DBD4AA68}.Debug|Any CPU.Build.0 = Debug|Any CPU
		{EAF7E4F2-2062-4483-8754-D6B6DBD4AA68}.Debug|Any CPU.Deploy.0 = Debug|Any CPU
		{EAF7E4F2-2062-4483-8754-D6B6DBD4AA68}.Debug|ARM.ActiveCfg = Debug|Any CPU
		{EAF7E4F2-2062-4483-8754-D6B6DBD4AA68}.Debug|ARM.Build.0 = Debug|Any CPU
		{EAF7E4F2-2062-4483-8754-D6B6DBD4AA68}.Debug|ARM.Deploy.0 = Debug|Any CPU
		{EAF7E4F2-2062-4483-8754-D6B6DBD4AA68}.Debug|iPhone.ActiveCfg = Debug|Any CPU
		{EAF7E4F2-2062-4483-8754-D6B6DBD4AA68}.Debug|iPhone.Build.0 = Debug|Any CPU
		{EAF7E4F2-2062-4483-8754-D6B6DBD4AA68}.Debug|iPhone.Deploy.0 = Debug|Any CPU
		{EAF7E4F2-2062-4483-8754-D6B6DBD4AA68}.Debug|iPhoneSimulator.ActiveCfg = Debug|Any CPU
		{EAF7E4F2-2062-4483-8754-D6B6DBD4AA68}.Debug|iPhoneSimulator.Build.0 = Debug|Any CPU
		{EAF7E4F2-2062-4483-8754-D6B6DBD4AA68}.Debug|iPhoneSimulator.Deploy.0 = Debug|Any CPU
		{EAF7E4F2-2062-4483-8754-D6B6DBD4AA68}.Debug|x64.ActiveCfg = Debug|Any CPU
		{EAF7E4F2-2062-4483-8754-D6B6DBD4AA68}.Debug|x64.Build.0 = Debug|Any CPU
		{EAF7E4F2-2062-4483-8754-D6B6DBD4AA68}.Debug|x64.Deploy.0 = Debug|Any CPU
		{EAF7E4F2-2062-4483-8754-D6B6DBD4AA68}.Debug|x86.ActiveCfg = Debug|Any CPU
		{EAF7E4F2-2062-4483-8754-D6B6DBD4AA68}.Debug|x86.Build.0 = Debug|Any CPU
		{EAF7E4F2-2062-4483-8754-D6B6DBD4AA68}.Debug|x86.Deploy.0 = Debug|Any CPU
		{EAF7E4F2-2062-4483-8754-D6B6DBD4AA68}.Release|Any CPU.ActiveCfg = Release|Any CPU
		{EAF7E4F2-2062-4483-8754-D6B6DBD4AA68}.Release|Any CPU.Build.0 = Release|Any CPU
		{EAF7E4F2-2062-4483-8754-D6B6DBD4AA68}.Release|Any CPU.Deploy.0 = Release|Any CPU
		{EAF7E4F2-2062-4483-8754-D6B6DBD4AA68}.Release|ARM.ActiveCfg = Release|Any CPU
		{EAF7E4F2-2062-4483-8754-D6B6DBD4AA68}.Release|ARM.Build.0 = Release|Any CPU
		{EAF7E4F2-2062-4483-8754-D6B6DBD4AA68}.Release|ARM.Deploy.0 = Release|Any CPU
		{EAF7E4F2-2062-4483-8754-D6B6DBD4AA68}.Release|iPhone.ActiveCfg = Release|Any CPU
		{EAF7E4F2-2062-4483-8754-D6B6DBD4AA68}.Release|iPhone.Build.0 = Release|Any CPU
		{EAF7E4F2-2062-4483-8754-D6B6DBD4AA68}.Release|iPhone.Deploy.0 = Release|Any CPU
		{EAF7E4F2-2062-4483-8754-D6B6DBD4AA68}.Release|iPhoneSimulator.ActiveCfg = Release|Any CPU
		{EAF7E4F2-2062-4483-8754-D6B6DBD4AA68}.Release|iPhoneSimulator.Build.0 = Release|Any CPU
		{EAF7E4F2-2062-4483-8754-D6B6DBD4AA68}.Release|iPhoneSimulator.Deploy.0 = Release|Any CPU
		{EAF7E4F2-2062-4483-8754-D6B6DBD4AA68}.Release|x64.ActiveCfg = Release|Any CPU
		{EAF7E4F2-2062-4483-8754-D6B6DBD4AA68}.Release|x64.Build.0 = Release|Any CPU
		{EAF7E4F2-2062-4483-8754-D6B6DBD4AA68}.Release|x64.Deploy.0 = Release|Any CPU
		{EAF7E4F2-2062-4483-8754-D6B6DBD4AA68}.Release|x86.ActiveCfg = Release|Any CPU
		{EAF7E4F2-2062-4483-8754-D6B6DBD4AA68}.Release|x86.Build.0 = Release|Any CPU
		{EAF7E4F2-2062-4483-8754-D6B6DBD4AA68}.Release|x86.Deploy.0 = Release|Any CPU
	EndGlobalSection
	GlobalSection(SolutionProperties) = preSolution
		HideSolutionNode = FALSE
	EndGlobalSection
	GlobalSection(ExtensibilityGlobals) = postSolution
		SolutionGuid = {410E6A55-A388-43D0-89CD-B5DFAF768499}
	EndGlobalSection
EndGlobal
